# This file was autogenerated by Stack.
# You should not edit this file by hand.
# For more information, please see the documentation at:
#   https://docs.haskellstack.org/en/stable/lock_files

packages: []
snapshots:
- completed:
    sha256: 6a2ad7906e1cbbd2e827d5218a5b2fb2d7a5a08366f4575ca992123ef0cd9fe1
    size: 653401
    url: https://raw.githubusercontent.com/commercialhaskell/stackage-snapshots/master/nightly/2025/2/9.yaml
  original: nightly-2025-02-09
