# This file was autogenerated by Stack.
# You should not edit this file by hand.
# For more information, please see the documentation at:
#   https://docs.haskellstack.org/en/stable/topics/lock_files

packages: []
snapshots:
- completed:
    sha256: bd404e36d2a254aace97d37fba81a785cc6e9b575b36e5e632937a1e14f8d6f6
    size: 654475
    url: https://raw.githubusercontent.com/commercialhaskell/stackage-snapshots/master/nightly/2025/2/16.yaml
  original: nightly-2025-02-16
